
Microsoft Visual Studio Solution File, Format Version 12.00
# Visual Studio Version 17
VisualStudioVersion = 17.4.33205.214
MinimumVisualStudioVersion = 10.0.40219.1
Project("{FAE04EC0-301F-11D3-BF4B-00C04F79EFBC}") = "Entities", "Entities\Entities.csproj", "{1B047566-349E-4FF0-B3FC-3AB67842029D}"
EndProject
Project("{FAE04EC0-301F-11D3-BF4B-00C04F79EFBC}") = "DataAccess", "DataAccess\DataAccess.csproj", "{820C74FD-A843-4E3F-9709-78A1738D8F30}"
EndProject
Project("{FAE04EC0-301F-11D3-BF4B-00C04F79EFBC}") = "ConsoleUI", "ConsoleUI\ConsoleUI.csproj", "{6C3C1259-9C9C-4347-B48E-E7728203AE59}"
EndProject
Project("{FAE04EC0-301F-11D3-BF4B-00C04F79EFBC}") = "Business", "Business\Business.csproj", "{1E63292F-9DD3-4EA6-85C6-9196EC94FE65}"
EndProject
Project("{FAE04EC0-301F-11D3-BF4B-00C04F79EFBC}") = "Core", "Core\Core.csproj", "{BF4A794C-B65F-4D3D-B543-5499FE9979D0}"
EndProject
Global
	GlobalSection(SolutionConfigurationPlatforms) = preSolution
		Debug|Any CPU = Debug|Any CPU
		Release|Any CPU = Release|Any CPU
	EndGlobalSection
	GlobalSection(ProjectConfigurationPlatforms) = postSolution
		{1B047566-349E-4FF0-B3FC-3AB67842029D}.Debug|Any CPU.ActiveCfg = Debug|Any CPU
		{1B047566-349E-4FF0-B3FC-3AB67842029D}.Debug|Any CPU.Build.0 = Debug|Any CPU
		{1B047566-349E-4FF0-B3FC-3AB67842029D}.Release|Any CPU.ActiveCfg = Release|Any CPU
		{1B047566-349E-4FF0-B3FC-3AB67842029D}.Release|Any CPU.Build.0 = Release|Any CPU
		{820C74FD-A843-4E3F-9709-78A1738D8F30}.Debug|Any CPU.ActiveCfg = Debug|Any CPU
		{820C74FD-A843-4E3F-9709-78A1738D8F30}.Debug|Any CPU.Build.0 = Debug|Any CPU
		{820C74FD-A843-4E3F-9709-78A1738D8F30}.Release|Any CPU.ActiveCfg = Release|Any CPU
		{820C74FD-A843-4E3F-9709-78A1738D8F30}.Release|Any CPU.Build.0 = Release|Any CPU
		{6C3C1259-9C9C-4347-B48E-E7728203AE59}.Debug|Any CPU.ActiveCfg = Debug|Any CPU
		{6C3C1259-9C9C-4347-B48E-E7728203AE59}.Debug|Any CPU.Build.0 = Debug|Any CPU
		{6C3C1259-9C9C-4347-B48E-E7728203AE59}.Release|Any CPU.ActiveCfg = Release|Any CPU
		{6C3C1259-9C9C-4347-B48E-E7728203AE59}.Release|Any CPU.Build.0 = Release|Any CPU
		{1E63292F-9DD3-4EA6-85C6-9196EC94FE65}.Debug|Any CPU.ActiveCfg = Debug|Any CPU
		{1E63292F-9DD3-4EA6-85C6-9196EC94FE65}.Debug|Any CPU.Build.0 = Debug|Any CPU
		{1E63292F-9DD3-4EA6-85C6-9196EC94FE65}.Release|Any CPU.ActiveCfg = Release|Any CPU
		{1E63292F-9DD3-4EA6-85C6-9196EC94FE65}.Release|Any CPU.Build.0 = Release|Any CPU
		{BF4A794C-B65F-4D3D-B543-5499FE9979D0}.Debug|Any CPU.ActiveCfg = Debug|Any CPU
		{BF4A794C-B65F-4D3D-B543-5499FE9979D0}.Debug|Any CPU.Build.0 = Debug|Any CPU
		{BF4A794C-B65F-4D3D-B543-5499FE9979D0}.Release|Any CPU.ActiveCfg = Release|Any CPU
		{BF4A794C-B65F-4D3D-B543-5499FE9979D0}.Release|Any CPU.Build.0 = Release|Any CPU
	EndGlobalSection
	GlobalSection(SolutionProperties) = preSolution
		HideSolutionNode = FALSE
	EndGlobalSection
	GlobalSection(ExtensibilityGlobals) = postSolution
		SolutionGuid = {BFE6E23E-C297-4DF6-865E-65FC97DE3D55}
	EndGlobalSection
EndGlobal
